
Microsoft Visual Studio Solution File, Format Version 12.00
# Visual Studio Version 17
VisualStudioVersion = 17.0.31903.59
MinimumVisualStudioVersion = 10.0.40219.1
Project("{2150E333-8FDC-42A3-9474-1A3956D46DE8}") = "src", "src", "{C00D2A2F-B81A-4532-9A75-F0D643A149AC}"
EndProject
Project("{2150E333-8FDC-42A3-9474-1A3956D46DE8}") = "server", "server", "{81FDABA3-BC02-4709-A33F-8D9F3742EAE1}"
EndProject
Project("{2150E333-8FDC-42A3-9474-1A3956D46DE8}") = "plugin", "plugin", "{59B5B790-539E-464E-BBAC-06B5C0A236BE}"
EndProject
Project("{2150E333-8FDC-42A3-9474-1A3956D46DE8}") = "tests", "tests", "{394F3EDB-896E-4714-9B13-574BD0E08FC2}"
EndProject
Project("{2150E333-8FDC-42A3-9474-1A3956D46DE8}") = "server", "server", "{A2914ADA-FA74-49D3-8EFE-884628FF4B17}"
EndProject
Project("{2150E333-8FDC-42A3-9474-1A3956D46DE8}") = "plugin", "plugin", "{50E8AB0A-0390-43CA-88B5-01EDA81F7359}"
EndProject
Project("{FAE04EC0-301F-11D3-BF4B-00C04F79EFBC}") = "Granite.Server", "src\server\Granite.Server\Granite.Server.csproj", "{8908CEC0-D89E-4EA2-B4F0-40A9611520D0}"
EndProject
Project("{2150E333-8FDC-42A3-9474-1A3956D46DE8}") = "dependencies", "dependencies", "{A6CD8AB1-082D-4F5B-9233-D63AA11959D7}"
EndProject
Project("{FAE04EC0-301F-11D3-BF4B-00C04F79EFBC}") = "Granite.Infrastructure", "src\server\Granite.Infrastructure\Granite.Infrastructure.csproj", "{3A28D077-F995-4B8B-A62C-6FE034D833F0}"
EndProject
Project("{FAE04EC0-301F-11D3-BF4B-00C04F79EFBC}") = "Granite.Domain", "src\server\Granite.Domain\Granite.Domain.csproj", "{10230A94-70A2-461D-B607-FF36E54F78EF}"
EndProject
Project("{FAE04EC0-301F-11D3-BF4B-00C04F79EFBC}") = "Granite.Application", "src\server\Granite.Application\Granite.Application.csproj", "{ACF618D8-4661-474F-96CE-AC173B0AF8EB}"
EndProject
Project("{FAE04EC0-301F-11D3-BF4B-00C04F79EFBC}") = "WebExtensions", "src\server\dependencies\WebExtensions\WebExtensions.csproj", "{95D943CA-9E71-4328-BEE2-11E46135F3EF}"
EndProject
Project("{FAE04EC0-301F-11D3-BF4B-00C04F79EFBC}") = "DependencyInjection", "src\server\dependencies\DependencyInjection\DependencyInjection.csproj", "{D570E6BE-93F6-480E-AC02-A1DE0CEDB110}"
EndProject
Project("{FAE04EC0-301F-11D3-BF4B-00C04F79EFBC}") = "Utilities", "src\server\dependencies\Utilities\Utilities.csproj", "{A5F6AC29-0D39-4CCE-8CC1-4AD6427E6A7D}"
EndProject
Project("{FAE04EC0-301F-11D3-BF4B-00C04F79EFBC}") = "ErrorHandling", "src\server\dependencies\ErrorHandling\ErrorHandling.csproj", "{6F2CAD77-F8F3-4450-9841-E2251178B989}"
EndProject
Global
	GlobalSection(SolutionConfigurationPlatforms) = preSolution
		Debug|Any CPU = Debug|Any CPU
		Release|Any CPU = Release|Any CPU
	EndGlobalSection
	GlobalSection(SolutionProperties) = preSolution
		HideSolutionNode = FALSE
	EndGlobalSection
	GlobalSection(NestedProjects) = preSolution
		{81FDABA3-BC02-4709-A33F-8D9F3742EAE1} = {C00D2A2F-B81A-4532-9A75-F0D643A149AC}
		{59B5B790-539E-464E-BBAC-06B5C0A236BE} = {C00D2A2F-B81A-4532-9A75-F0D643A149AC}
		{A2914ADA-FA74-49D3-8EFE-884628FF4B17} = {394F3EDB-896E-4714-9B13-574BD0E08FC2}
		{50E8AB0A-0390-43CA-88B5-01EDA81F7359} = {394F3EDB-896E-4714-9B13-574BD0E08FC2}
		{8908CEC0-D89E-4EA2-B4F0-40A9611520D0} = {81FDABA3-BC02-4709-A33F-8D9F3742EAE1}
		{A6CD8AB1-082D-4F5B-9233-D63AA11959D7} = {81FDABA3-BC02-4709-A33F-8D9F3742EAE1}
		{3A28D077-F995-4B8B-A62C-6FE034D833F0} = {81FDABA3-BC02-4709-A33F-8D9F3742EAE1}
		{10230A94-70A2-461D-B607-FF36E54F78EF} = {81FDABA3-BC02-4709-A33F-8D9F3742EAE1}
		{ACF618D8-4661-474F-96CE-AC173B0AF8EB} = {81FDABA3-BC02-4709-A33F-8D9F3742EAE1}
		{95D943CA-9E71-4328-BEE2-11E46135F3EF} = {A6CD8AB1-082D-4F5B-9233-D63AA11959D7}
		{D570E6BE-93F6-480E-AC02-A1DE0CEDB110} = {A6CD8AB1-082D-4F5B-9233-D63AA11959D7}
		{A5F6AC29-0D39-4CCE-8CC1-4AD6427E6A7D} = {A6CD8AB1-082D-4F5B-9233-D63AA11959D7}
		{6F2CAD77-F8F3-4450-9841-E2251178B989} = {A6CD8AB1-082D-4F5B-9233-D63AA11959D7}
	EndGlobalSection
	GlobalSection(ProjectConfigurationPlatforms) = postSolution
		{8908CEC0-D89E-4EA2-B4F0-40A9611520D0}.Debug|Any CPU.ActiveCfg = Debug|Any CPU
		{8908CEC0-D89E-4EA2-B4F0-40A9611520D0}.Debug|Any CPU.Build.0 = Debug|Any CPU
		{8908CEC0-D89E-4EA2-B4F0-40A9611520D0}.Release|Any CPU.ActiveCfg = Release|Any CPU
		{8908CEC0-D89E-4EA2-B4F0-40A9611520D0}.Release|Any CPU.Build.0 = Release|Any CPU
		{3A28D077-F995-4B8B-A62C-6FE034D833F0}.Debug|Any CPU.ActiveCfg = Debug|Any CPU
		{3A28D077-F995-4B8B-A62C-6FE034D833F0}.Debug|Any CPU.Build.0 = Debug|Any CPU
		{3A28D077-F995-4B8B-A62C-6FE034D833F0}.Release|Any CPU.ActiveCfg = Release|Any CPU
		{3A28D077-F995-4B8B-A62C-6FE034D833F0}.Release|Any CPU.Build.0 = Release|Any CPU
		{10230A94-70A2-461D-B607-FF36E54F78EF}.Debug|Any CPU.ActiveCfg = Debug|Any CPU
		{10230A94-70A2-461D-B607-FF36E54F78EF}.Debug|Any CPU.Build.0 = Debug|Any CPU
		{10230A94-70A2-461D-B607-FF36E54F78EF}.Release|Any CPU.ActiveCfg = Release|Any CPU
		{10230A94-70A2-461D-B607-FF36E54F78EF}.Release|Any CPU.Build.0 = Release|Any CPU
		{ACF618D8-4661-474F-96CE-AC173B0AF8EB}.Debug|Any CPU.ActiveCfg = Debug|Any CPU
		{ACF618D8-4661-474F-96CE-AC173B0AF8EB}.Debug|Any CPU.Build.0 = Debug|Any CPU
		{ACF618D8-4661-474F-96CE-AC173B0AF8EB}.Release|Any CPU.ActiveCfg = Release|Any CPU
		{ACF618D8-4661-474F-96CE-AC173B0AF8EB}.Release|Any CPU.Build.0 = Release|Any CPU
		{95D943CA-9E71-4328-BEE2-11E46135F3EF}.Debug|Any CPU.ActiveCfg = Debug|Any CPU
		{95D943CA-9E71-4328-BEE2-11E46135F3EF}.Debug|Any CPU.Build.0 = Debug|Any CPU
		{95D943CA-9E71-4328-BEE2-11E46135F3EF}.Release|Any CPU.ActiveCfg = Release|Any CPU
		{95D943CA-9E71-4328-BEE2-11E46135F3EF}.Release|Any CPU.Build.0 = Release|Any CPU
		{D570E6BE-93F6-480E-AC02-A1DE0CEDB110}.Debug|Any CPU.ActiveCfg = Debug|Any CPU
		{D570E6BE-93F6-480E-AC02-A1DE0CEDB110}.Debug|Any CPU.Build.0 = Debug|Any CPU
		{D570E6BE-93F6-480E-AC02-A1DE0CEDB110}.Release|Any CPU.ActiveCfg = Release|Any CPU
		{D570E6BE-93F6-480E-AC02-A1DE0CEDB110}.Release|Any CPU.Build.0 = Release|Any CPU
		{A5F6AC29-0D39-4CCE-8CC1-4AD6427E6A7D}.Debug|Any CPU.ActiveCfg = Debug|Any CPU
		{A5F6AC29-0D39-4CCE-8CC1-4AD6427E6A7D}.Debug|Any CPU.Build.0 = Debug|Any CPU
		{A5F6AC29-0D39-4CCE-8CC1-4AD6427E6A7D}.Release|Any CPU.ActiveCfg = Release|Any CPU
		{A5F6AC29-0D39-4CCE-8CC1-4AD6427E6A7D}.Release|Any CPU.Build.0 = Release|Any CPU
		{6F2CAD77-F8F3-4450-9841-E2251178B989}.Debug|Any CPU.ActiveCfg = Debug|Any CPU
		{6F2CAD77-F8F3-4450-9841-E2251178B989}.Debug|Any CPU.Build.0 = Debug|Any CPU
		{6F2CAD77-F8F3-4450-9841-E2251178B989}.Release|Any CPU.ActiveCfg = Release|Any CPU
		{6F2CAD77-F8F3-4450-9841-E2251178B989}.Release|Any CPU.Build.0 = Release|Any CPU
	EndGlobalSection
EndGlobal
